{
  "nodes": {
    "agenix": {
      "inputs": {
        "darwin": "darwin",
        "home-manager": "home-manager",
        "nixpkgs": [
          "nixpkgs"
        ],
        "systems": "systems"
      },
      "locked": {
        "lastModified": 1715290355,
        "narHash": "sha256-2T7CHTqBXJJ3ZC6R/4TXTcKoXWHcvubKNj9SfomURnw=",
        "owner": "ryantm",
        "repo": "agenix",
        "rev": "8d37c5bdeade12b6479c85acd133063ab53187a0",
        "type": "github"
      },
      "original": {
        "owner": "ryantm",
        "repo": "agenix",
        "type": "github"
      }
    },
    "agenix_2": {
      "inputs": {
        "nixpkgs": [
          "base",
          "nixpkgs"
        ]
      },
      "locked": {
        "lastModified": 1652712410,
        "narHash": "sha256-hMJ2TqLt0DleEnQFGUHK9sV2aAzJPU8pZeiZoqRozbE=",
        "owner": "ryantm",
        "repo": "agenix",
        "rev": "7e5e58b98c3dcbf497543ff6f22591552ebfe65b",
        "type": "github"
      },
      "original": {
        "owner": "ryantm",
        "repo": "agenix",
        "type": "github"
      }
    },
    "argocd": {
      "flake": false,
      "locked": {
        "lastModified": 1715097425,
        "narHash": "sha256-HVkR5sG3CfTW56pTB15S+w4kwbv7he9Be6RKmpu+E4E=",
        "owner": "argoproj",
        "repo": "argo-cd",
        "rev": "d3f33c00197e7f1d16f2a73ce1aeced464b07175",
        "type": "github"
      },
      "original": {
        "owner": "argoproj",
        "ref": "stable",
        "repo": "argo-cd",
        "type": "github"
      }
    },
    "base": {
      "inputs": {
        "agenix": "agenix_2",
        "darwin": "darwin_2",
        "deploy-rs": "deploy-rs",
        "flake-utils": [
          "flake-utils"
        ],
        "nixpkgs": [
          "nixpkgs"
        ],
        "nmd": "nmd"
      },
      "locked": {
        "lastModified": 1683796962,
        "narHash": "sha256-ctzdY/ES0XNIjD2YzofFt0Wbq+x77mEpdsDiZW8TTt4=",
        "owner": "nix-basement",
        "repo": "nix-basement",
        "rev": "6f098405af2092985a93bbe478ef8e335ae206ab",
        "type": "github"
      },
      "original": {
        "owner": "nix-basement",
        "repo": "nix-basement",
        "type": "github"
      }
    },
    "cert-manager-desec": {
      "flake": false,
      "locked": {
        "lastModified": 1663273243,
        "narHash": "sha256-Udz2SbXe6Ffp5rdgOmYiJDxYBHsvaZ166UmVEwamxWQ=",
        "owner": "kmorning",
        "repo": "cert-manager-webhook-desec",
        "rev": "e29764c4d18d1813eb84661707a7696ed60f1081",
        "type": "github"
      },
      "original": {
        "owner": "kmorning",
        "repo": "cert-manager-webhook-desec",
        "type": "github"
      }
    },
    "darwin": {
      "inputs": {
        "nixpkgs": [
          "agenix",
          "nixpkgs"
        ]
      },
      "locked": {
        "lastModified": 1700795494,
        "narHash": "sha256-gzGLZSiOhf155FW7262kdHo2YDeugp3VuIFb4/GGng0=",
        "owner": "lnl7",
        "repo": "nix-darwin",
        "rev": "4b9b83d5a92e8c1fbfd8eb27eda375908c11ec4d",
        "type": "github"
      },
      "original": {
        "owner": "lnl7",
        "ref": "master",
        "repo": "nix-darwin",
        "type": "github"
      }
    },
    "darwin_2": {
      "inputs": {
        "nixpkgs": [
          "base",
          "nixpkgs"
        ]
      },
      "locked": {
        "lastModified": 1661154924,
        "narHash": "sha256-zwkShc4VZ9feLeIrWjdm6YkZBoobzXETF5xIIgi++Ec=",
        "owner": "lnl7",
        "repo": "nix-darwin",
        "rev": "5af1aa51f63d734284bf6728a21d2c9c31eb7492",
        "type": "github"
      },
      "original": {
        "owner": "lnl7",
        "ref": "master",
        "repo": "nix-darwin",
        "type": "github"
      }
    },
    "deploy-rs": {
      "inputs": {
        "flake-compat": "flake-compat",
        "nixpkgs": [
          "base",
          "nixpkgs"
        ],
        "utils": [
          "base",
          "flake-utils"
        ]
      },
      "locked": {
        "lastModified": 1659725433,
        "narHash": "sha256-1ZxuK67TL29YLw88vQ18Y2Y6iYg8Jb7I6/HVzmNB6nM=",
        "owner": "serokell",
        "repo": "deploy-rs",
        "rev": "41f15759dd8b638e7b4f299730d94d5aa46ab7eb",
        "type": "github"
      },
      "original": {
        "owner": "serokell",
        "repo": "deploy-rs",
        "type": "github"
      }
    },
    "disko": {
      "inputs": {
        "nixpkgs": [
          "nixpkgs"
        ]
      },
      "locked": {
        "lastModified": 1716168343,
        "narHash": "sha256-82oT27w9smpItZ+PyN2C0PjIwZYbIocwXSM4u1igXuc=",
        "owner": "nix-community",
        "repo": "disko",
        "rev": "6f01b9710bc4d3bf006eb8df928b4b15e0430901",
        "type": "github"
      },
      "original": {
        "owner": "nix-community",
        "repo": "disko",
        "type": "github"
      }
    },
    "dotfiles": {
      "flake": false,
      "locked": {
        "lastModified": 1714659198,
        "narHash": "sha256-211+F7CDXzkQXRGRQVSNrQnDtj3LEcDPYGeCVbjsKxQ=",
        "owner": "nzbr",
        "repo": "dotfiles",
        "rev": "fdfe53e5c995a94d466c1b8a58cf3893f7f0483e",
        "type": "github"
      },
      "original": {
        "owner": "nzbr",
        "repo": "dotfiles",
        "type": "github"
      }
    },
    "flake-compat": {
      "flake": false,
      "locked": {
        "lastModified": 1648199409,
        "narHash": "sha256-JwPKdC2PoVBkG6E+eWw3j6BMR6sL3COpYWfif7RVb8Y=",
        "owner": "edolstra",
        "repo": "flake-compat",
        "rev": "64a525ee38886ab9028e6f61790de0832aa3ef03",
        "type": "github"
      },
      "original": {
        "owner": "edolstra",
        "repo": "flake-compat",
        "type": "github"
      }
    },
    "flake-compat_2": {
      "flake": false,
      "locked": {
        "lastModified": 1696426674,
        "narHash": "sha256-kvjfFW7WAETZlt09AgDn1MrtKzP7t90Vf7vypd3OL1U=",
        "owner": "edolstra",
        "repo": "flake-compat",
        "rev": "0f9255e01c2351cc7d116c072cb317785dd33b33",
        "type": "github"
      },
      "original": {
        "owner": "edolstra",
        "repo": "flake-compat",
        "type": "github"
      }
    },
    "flake-parts": {
      "inputs": {
        "nixpkgs-lib": "nixpkgs-lib"
      },
      "locked": {
        "lastModified": 1714606777,
        "narHash": "sha256-bMkNmAXLj8iyTvxaaD/StcLSadbj1chPcJOjtuVnLmA=",
        "owner": "hercules-ci",
        "repo": "flake-parts",
        "rev": "4d34ce6412bc450b1d4208c953dc97c7fc764f1a",
        "type": "github"
      },
      "original": {
        "owner": "hercules-ci",
        "repo": "flake-parts",
        "type": "github"
      }
    },
    "flake-root": {
      "locked": {
        "lastModified": 1713493429,
        "narHash": "sha256-ztz8JQkI08tjKnsTpfLqzWoKFQF4JGu2LRz8bkdnYUk=",
        "owner": "srid",
        "repo": "flake-root",
        "rev": "bc748b93b86ee76e2032eecda33440ceb2532fcd",
        "type": "github"
      },
      "original": {
        "owner": "srid",
        "repo": "flake-root",
        "type": "github"
      }
    },
    "flake-utils": {
      "inputs": {
        "systems": "systems_2"
      },
      "locked": {
        "lastModified": 1710146030,
        "narHash": "sha256-SZ5L6eA7HJ/nmkzGG7/ISclqe6oZdOZTNoesiInkXPQ=",
        "owner": "numtide",
        "repo": "flake-utils",
        "rev": "b1d9ab70662946ef0850d488da1c9019f3a9752a",
        "type": "github"
      },
      "original": {
        "owner": "numtide",
        "repo": "flake-utils",
        "type": "github"
      }
    },
    "home-manager": {
      "inputs": {
        "nixpkgs": [
          "agenix",
          "nixpkgs"
        ]
      },
      "locked": {
        "lastModified": 1703113217,
        "narHash": "sha256-7ulcXOk63TIT2lVDSExj7XzFx09LpdSAPtvgtM7yQPE=",
        "owner": "nix-community",
        "repo": "home-manager",
        "rev": "3bfaacf46133c037bb356193bd2f1765d9dc82c1",
        "type": "github"
      },
      "original": {
        "owner": "nix-community",
        "repo": "home-manager",
        "type": "github"
      }
    },
    "home-manager_2": {
      "inputs": {
        "nixpkgs": [
          "nixpkgs"
        ]
      },
      "locked": {
        "lastModified": 1715381426,
        "narHash": "sha256-wPuqrAQGdv3ISs74nJfGb+Yprm23U/rFpcHFFNWgM94=",
        "owner": "nix-community",
        "repo": "home-manager",
        "rev": "ab5542e9dbd13d0100f8baae2bc2d68af901f4b4",
        "type": "github"
      },
      "original": {
        "owner": "nix-community",
        "ref": "release-23.11",
        "repo": "home-manager",
        "type": "github"
      }
    },
    "naersk": {
      "inputs": {
        "nixpkgs": [
          "nixpkgs"
        ]
      },
      "locked": {
        "lastModified": 1713520724,
        "narHash": "sha256-CO8MmVDmqZX2FovL75pu5BvwhW+Vugc7Q6ze7Hj8heI=",
        "owner": "nix-community",
        "repo": "naersk",
        "rev": "c5037590290c6c7dae2e42e7da1e247e54ed2d49",
        "type": "github"
      },
      "original": {
        "owner": "nix-community",
        "repo": "naersk",
        "type": "github"
      }
    },
    "nirgenx": {
      "inputs": {
        "flake-compat": [
          "flake-compat"
        ],
        "flake-utils": [
          "flake-utils"
        ],
        "nixpkgs": [
          "nixpkgs"
        ]
      },
      "locked": {
        "lastModified": 1649222537,
        "narHash": "sha256-Dw+Yk7c85EqR+YBCLw5wT/xxmVngo4Amh82DmehZKhk=",
        "owner": "nzbr",
        "repo": "nirgenx",
        "rev": "50fffd2863d23d4a2776df4ccdf7d761fce75cf2",
        "type": "github"
      },
      "original": {
        "owner": "nzbr",
        "repo": "nirgenx",
        "type": "github"
      }
    },
    "nix-ld-rs": {
      "inputs": {
        "flake-compat": [
          "flake-compat"
        ],
        "flake-utils": [
          "flake-utils"
        ],
        "nixpkgs": [
          "nixpkgs-unstable"
        ]
      },
      "locked": {
        "lastModified": 1716116133,
        "narHash": "sha256-CwOldvBBXr1K2Zr6z5chHtieBBIQqk+k5RKt3hkF1OU=",
        "owner": "nix-community",
        "repo": "nix-ld-rs",
        "rev": "bca096389e440f0f20a6a795546f65e2f2f7410d",
        "type": "github"
      },
      "original": {
        "owner": "nix-community",
        "repo": "nix-ld-rs",
        "type": "github"
      }
    },
    "nixd": {
      "inputs": {
        "flake-parts": "flake-parts",
        "flake-root": "flake-root",
        "nixpkgs": [
          "nixpkgs"
        ]
      },
      "locked": {
        "lastModified": 1716179952,
        "narHash": "sha256-YYAkj/wBEMO75nnJbcB4cjSfGzlkmaRao1WeULDIdGc=",
        "owner": "nix-community",
        "repo": "nixd",
        "rev": "ff3eb7117ea030d8d466d364513394cf47b58715",
        "type": "github"
      },
      "original": {
        "owner": "nix-community",
        "repo": "nixd",
        "type": "github"
      }
    },
    "nixlib": {
      "locked": {
        "lastModified": 1712450863,
        "narHash": "sha256-K6IkdtMtq9xktmYPj0uaYc8NsIqHuaAoRBaMgu9Fvrw=",
        "owner": "nix-community",
        "repo": "nixpkgs.lib",
        "rev": "3c62b6a12571c9a7f65ab037173ee153d539905f",
        "type": "github"
      },
      "original": {
        "owner": "nix-community",
        "repo": "nixpkgs.lib",
        "type": "github"
      }
    },
    "nixos-generators": {
      "inputs": {
        "nixlib": "nixlib",
        "nixpkgs": [
          "nixpkgs"
        ]
      },
      "locked": {
        "lastModified": 1716210724,
        "narHash": "sha256-iqQa3omRcHGpWb1ds75jS9ruA5R39FTmAkeR3J+ve1w=",
        "owner": "nix-community",
        "repo": "nixos-generators",
        "rev": "d14b286322c7f4f897ca4b1726ce38cb68596c94",
        "type": "github"
      },
      "original": {
        "owner": "nix-community",
        "repo": "nixos-generators",
        "type": "github"
      }
    },
    "nixos-hardware": {
      "locked": {
        "lastModified": 1716173274,
        "narHash": "sha256-FC21Bn4m6ctajMjiUof30awPBH/7WjD0M5yqrWepZbY=",
        "owner": "NixOS",
        "repo": "nixos-hardware",
        "rev": "d9e0b26202fd500cf3e79f73653cce7f7d541191",
        "type": "github"
      },
      "original": {
        "owner": "NixOS",
        "ref": "master",
        "repo": "nixos-hardware",
        "type": "github"
      }
    },
    "nixos-wsl": {
      "inputs": {
        "flake-compat": [
          "flake-compat"
        ],
        "flake-utils": [
          "flake-utils"
        ],
        "nixpkgs": [
          "nixpkgs"
        ]
      },
      "locked": {
        "lastModified": 1716028628,
        "narHash": "sha256-sjgvUXjDXIA48tq+nbQ+e2BfAJyz865mfOtXTj1c8yQ=",
        "owner": "nix-community",
        "repo": "NixOS-WSL",
        "rev": "041bad074dbde651c6b9d23dce5ee15b67e98c6c",
        "type": "github"
      },
      "original": {
        "owner": "nix-community",
        "repo": "NixOS-WSL",
        "type": "github"
      }
    },
    "nixpkgs": {
      "locked": {
        "lastModified": 1716061101,
        "narHash": "sha256-H0eCta7ahEgloGIwE/ihkyGstOGu+kQwAiHvwVoXaA0=",
        "owner": "NixOS",
        "repo": "nixpkgs",
        "rev": "e7cc61784ddf51c81487637b3031a6dd2d6673a2",
        "type": "github"
      },
      "original": {
        "owner": "NixOS",
        "ref": "nixos-23.11",
        "repo": "nixpkgs",
        "type": "github"
      }
    },
    "nixpkgs-23-05": {
      "locked": {
        "lastModified": 1704290814,
        "narHash": "sha256-LWvKHp7kGxk/GEtlrGYV68qIvPHkU9iToomNFGagixU=",
        "owner": "NixOS",
        "repo": "nixpkgs",
        "rev": "70bdadeb94ffc8806c0570eb5c2695ad29f0e421",
        "type": "github"
      },
      "original": {
        "owner": "NixOS",
        "ref": "nixos-23.05",
        "repo": "nixpkgs",
        "type": "github"
      }
    },
    "nixpkgs-lib": {
      "locked": {
        "dir": "lib",
        "lastModified": 1714253743,
        "narHash": "sha256-mdTQw2XlariysyScCv2tTE45QSU9v/ezLcHJ22f0Nxc=",
        "owner": "NixOS",
        "repo": "nixpkgs",
        "rev": "58a1abdbae3217ca6b702f03d3b35125d88a2994",
        "type": "github"
      },
      "original": {
        "dir": "lib",
        "owner": "NixOS",
        "ref": "nixos-unstable",
        "repo": "nixpkgs",
        "type": "github"
      }
    },
    "nixpkgs-unstable": {
      "locked": {
        "lastModified": 1716137900,
        "narHash": "sha256-sowPU+tLQv8GlqtVtsXioTKeaQvlMz/pefcdwg8MvfM=",
        "owner": "NixOS",
        "repo": "nixpkgs",
        "rev": "6c0b7a92c30122196a761b440ac0d46d3d9954f1",
        "type": "github"
      },
      "original": {
        "owner": "NixOS",
        "ref": "nixos-unstable",
        "repo": "nixpkgs",
        "type": "github"
      }
    },
    "nmd": {
      "flake": false,
      "locked": {
        "lastModified": 1661175901,
        "narHash": "sha256-/LPQVzuZj6OoqITjjEBCgiUjsOIC47YRcvEDgFXqrag=",
        "owner": "nix-basement",
        "repo": "nmd",
        "rev": "e423a04a0995a1d834da3109ee76fd1054b540b1",
        "type": "github"
      },
      "original": {
        "owner": "nix-basement",
        "repo": "nmd",
        "type": "github"
      }
    },
    "razer-nari": {
      "flake": false,
      "locked": {
        "lastModified": 1651306113,
        "narHash": "sha256-ZxdTRxBIodewAqflYFfpB5fYlyWqStvBxSovyA+LIEk=",
        "owner": "imustafin",
        "repo": "razer-nari-pulseaudio-profile",
        "rev": "6b632edfb0b51fc7a3227b8f5b6c3a8c4616661e",
        "type": "github"
      },
      "original": {
        "owner": "imustafin",
        "repo": "razer-nari-pulseaudio-profile",
        "type": "github"
      }
    },
    "root": {
      "inputs": {
        "agenix": "agenix",
        "argocd": "argocd",
        "base": "base",
        "cert-manager-desec": "cert-manager-desec",
        "disko": "disko",
        "dotfiles": "dotfiles",
        "flake-compat": "flake-compat_2",
        "flake-utils": "flake-utils",
        "home-manager": "home-manager_2",
        "naersk": "naersk",
        "nirgenx": "nirgenx",
        "nix-ld-rs": "nix-ld-rs",
        "nixd": "nixd",
        "nixos-generators": "nixos-generators",
        "nixos-hardware": "nixos-hardware",
        "nixos-wsl": "nixos-wsl",
        "nixpkgs": "nixpkgs",
        "nixpkgs-23-05": "nixpkgs-23-05",
        "nixpkgs-unstable": "nixpkgs-unstable",
        "razer-nari": "razer-nari",
        "rust-overlay": "rust-overlay",
        "syncthing-key-generator": "syncthing-key-generator",
        "wsld": "wsld",
        "xyno-experiments": "xyno-experiments"
      }
    },
    "rust-overlay": {
      "inputs": {
        "flake-utils": [
          "flake-utils"
        ],
        "nixpkgs": [
          "nixpkgs"
        ]
      },
      "locked": {
        "lastModified": 1716171463,
        "narHash": "sha256-lc7wOh5BjYUoxdhcPkeUY8BmuL2qtRaHlW1403RW48E=",
        "owner": "oxalica",
        "repo": "rust-overlay",
        "rev": "04d61d14803854fd8453ec43c5c53a471e5407a8",
        "type": "github"
      },
      "original": {
        "owner": "oxalica",
        "repo": "rust-overlay",
        "type": "github"
      }
    },
    "syncthing-key-generator": {
      "flake": false,
      "locked": {
        "lastModified": 1439692684,
        "narHash": "sha256-mEupKSSbdC7OUHa7s2zscwiIxHGMZXbN978Pk4/KY8g=",
        "owner": "mtreece",
        "repo": "syncthing-key-generator",
        "rev": "0571c94ba14235754860a5ad2fe7a9b7842ef661",
        "type": "github"
      },
      "original": {
        "owner": "mtreece",
        "repo": "syncthing-key-generator",
        "type": "github"
      }
    },
    "systems": {
      "locked": {
        "lastModified": 1681028828,
        "narHash": "sha256-Vy1rq5AaRuLzOxct8nz4T6wlgyUR7zLU309k9mBC768=",
        "owner": "nix-systems",
        "repo": "default",
        "rev": "da67096a3b9bf56a91d16901293e51ba5b49a27e",
        "type": "github"
      },
      "original": {
        "owner": "nix-systems",
        "repo": "default",
        "type": "github"
      }
    },
    "systems_2": {
      "locked": {
        "lastModified": 1681028828,
        "narHash": "sha256-Vy1rq5AaRuLzOxct8nz4T6wlgyUR7zLU309k9mBC768=",
        "owner": "nix-systems",
        "repo": "default",
        "rev": "da67096a3b9bf56a91d16901293e51ba5b49a27e",
        "type": "github"
      },
      "original": {
        "owner": "nix-systems",
        "repo": "default",
        "type": "github"
      }
    },
    "wsld": {
      "flake": false,
      "locked": {
        "lastModified": 1688512412,
        "narHash": "sha256-m3mQ00fcyyBuGetDRp6GGUOdd1G9P7zVWTiWOeTaETU=",
        "owner": "nbdd0121",
        "repo": "wsld",
        "rev": "addd19010be4c23faccdd94cc72e5490fc430f48",
        "type": "github"
      },
      "original": {
        "owner": "nbdd0121",
        "repo": "wsld",
        "type": "github"
      }
    },
    "xyno-experiments": {
      "inputs": {
        "nixpkgs": [
          "nixpkgs-23-05"
        ]
      },
      "locked": {
        "lastModified": 1680879729,
        "narHash": "sha256-ItGaOeb0wt8ESKTJxPkFVbV8cyR/0RhSFVltelLQ9b4=",
        "owner": "thexyno",
        "repo": "x",
        "rev": "5b15dd8e511c9cd39c7dbfa583e2c85ff30afecb",
        "type": "github"
      },
      "original": {
        "owner": "thexyno",
        "repo": "x",
        "type": "github"
      }
    }
  },
  "root": "root",
  "version": 7
}
