{
  "nodes": {
    "agenix": {
      "inputs": {
        "nixpkgs": [
          "nixpkgs"
        ]
      },
      "locked": {
        "lastModified": 1638837456,
        "narHash": "sha256-WHLOxthAGx/wXw3QUa/lFE3mr6cQtnXfFYZ0DNyYwt4=",
        "owner": "ryantm",
        "repo": "agenix",
        "rev": "57806bf7e340f4cae705c91748d4fdf8519293a9",
        "type": "github"
      },
      "original": {
        "owner": "ryantm",
        "repo": "agenix",
        "type": "github"
      }
    },
    "comma": {
      "flake": false,
      "locked": {
        "lastModified": 1588170489,
        "narHash": "sha256-IT7zlcM1Oh4sWeCJ1m4NkteuajPxTnNo1tbitG0eqlg=",
        "owner": "Shopify",
        "repo": "comma",
        "rev": "4a62ec17e20ce0e738a8e5126b4298a73903b468",
        "type": "github"
      },
      "original": {
        "owner": "Shopify",
        "repo": "comma",
        "type": "github"
      }
    },
    "dotfiles": {
      "flake": false,
      "locked": {
        "lastModified": 1633991443,
        "narHash": "sha256-rSAUi25BQFnJTUvKtiAureZZgGdscjQgBbv6v2QiCCA=",
        "owner": "nzbr",
        "repo": "dotfiles",
        "rev": "28ecfd8246b55b4d1b0ec185ea0d6c8b48b14ffd",
        "type": "github"
      },
      "original": {
        "owner": "nzbr",
        "repo": "dotfiles",
        "type": "github"
      }
    },
    "flake-compat": {
      "flake": false,
      "locked": {
        "lastModified": 1627913399,
        "narHash": "sha256-hY8g6H2KFL8ownSiFeMOjwPC8P0ueXpCVEbxgda3pko=",
        "owner": "edolstra",
        "repo": "flake-compat",
        "rev": "12c64ca55c1014cdc1b16ed5a804aa8576601ff2",
        "type": "github"
      },
      "original": {
        "owner": "edolstra",
        "repo": "flake-compat",
        "type": "github"
      }
    },
    "flake-utils": {
      "locked": {
        "lastModified": 1638122382,
        "narHash": "sha256-sQzZzAbvKEqN9s0bzWuYmRaA03v40gaJ4+iL1LXjaeI=",
        "owner": "numtide",
        "repo": "flake-utils",
        "rev": "74f7e4319258e287b0f9cb95426c9853b282730b",
        "type": "github"
      },
      "original": {
        "owner": "numtide",
        "repo": "flake-utils",
        "type": "github"
      }
    },
    "home-manager": {
      "inputs": {
        "nixpkgs": [
          "nixpkgs"
        ]
      },
      "locked": {
        "lastModified": 1638553958,
        "narHash": "sha256-leETjYMtD9y37CvfRSQhIGibcIl4dNVlFkY/8QgqmAM=",
        "owner": "nix-community",
        "repo": "home-manager",
        "rev": "6ce1d64073f48b9bc9425218803b1b607454c1e7",
        "type": "github"
      },
      "original": {
        "owner": "nix-community",
        "ref": "release-21.11",
        "repo": "home-manager",
        "type": "github"
      }
    },
    "kubenix": {
      "inputs": {
        "flake-compat": [
          "flake-compat"
        ],
        "flake-utils": [
          "flake-utils"
        ],
        "nixpkgs": [
          "nixpkgs"
        ]
      },
      "locked": {
        "lastModified": 1637747729,
        "narHash": "sha256-gcEbUIZGRdJ72bZqubiCglZ9iXm88QHXlQHSJcQeCow=",
        "owner": "nzbr",
        "repo": "kubenix",
        "rev": "c2903d9e6ce2055f7352511c8f41c5a3f109641b",
        "type": "github"
      },
      "original": {
        "owner": "nzbr",
        "repo": "kubenix",
        "type": "github"
      }
    },
    "naersk": {
      "inputs": {
        "nixpkgs": [
          "nixpkgs"
        ]
      },
      "locked": {
        "lastModified": 1639051343,
        "narHash": "sha256-62qARP+5Q0GmudcpuQHJP3/yXIgmUVoHR4orD/+FAC4=",
        "owner": "nix-community",
        "repo": "naersk",
        "rev": "ebde51ec0eec82dc71eaca03bc24cf8eb44a3d74",
        "type": "github"
      },
      "original": {
        "owner": "nix-community",
        "repo": "naersk",
        "type": "github"
      }
    },
    "nixlib": {
      "locked": {
        "lastModified": 1636849918,
        "narHash": "sha256-nzUK6dPcTmNVrgTAC1EOybSMsrcx+QrVPyqRdyKLkjA=",
        "owner": "nix-community",
        "repo": "nixpkgs.lib",
        "rev": "28a5b0557f14124608db68d3ee1f77e9329e9dd5",
        "type": "github"
      },
      "original": {
        "owner": "nix-community",
        "repo": "nixpkgs.lib",
        "type": "github"
      }
    },
    "nixos-generators": {
      "inputs": {
        "nixlib": "nixlib",
        "nixpkgs": [
          "nixpkgs"
        ]
      },
      "locked": {
        "lastModified": 1637655461,
        "narHash": "sha256-kXZPbclN3gKwjhp2/RYFDFpAsSBwzX1iLF4EcnHZsPQ=",
        "owner": "nix-community",
        "repo": "nixos-generators",
        "rev": "05a3eb158a9c7746a5d463726d7f7cccf07500e4",
        "type": "github"
      },
      "original": {
        "owner": "nix-community",
        "repo": "nixos-generators",
        "type": "github"
      }
    },
    "nixos-hardware": {
      "locked": {
        "lastModified": 1639240632,
        "narHash": "sha256-BAXhgnPOW1COIfZ9EOOFTdolalYS73MFHSRajgrSdZw=",
        "owner": "NixOS",
        "repo": "nixos-hardware",
        "rev": "2a7063461c3751d83869a2a0a8ebc59e34bec5b2",
        "type": "github"
      },
      "original": {
        "owner": "NixOS",
        "ref": "master",
        "repo": "nixos-hardware",
        "type": "github"
      }
    },
    "nixos-wsl": {
      "inputs": {
        "flake-utils": [
          "flake-utils"
        ],
        "nixpkgs": [
          "nixpkgs"
        ]
      },
      "locked": {
        "lastModified": 1639452412,
        "narHash": "sha256-fzYz80K/vYo0fgjLfcsCY2JtayLW8W0gWbey9Z/lU8I=",
        "owner": "nzbr",
        "repo": "NixOS-WSL",
        "rev": "a487bcf303bffb418edda23c9e5ec1d5dbf739c3",
        "type": "github"
      },
      "original": {
        "owner": "nzbr",
        "repo": "NixOS-WSL",
        "type": "github"
      }
    },
    "nixpkgs": {
      "locked": {
        "lastModified": 1639161226,
        "narHash": "sha256-75Y08ynJDTq6HHGIF+8IADBJSVip0UyWQH7jqSFnRR8=",
        "owner": "NixOS",
        "repo": "nixpkgs",
        "rev": "573095944e7c1d58d30fc679c81af63668b54056",
        "type": "github"
      },
      "original": {
        "owner": "NixOS",
        "ref": "nixos-21.11",
        "repo": "nixpkgs",
        "type": "github"
      }
    },
    "nixpkgs-bleeding-edge": {
      "locked": {
        "lastModified": 1639364803,
        "narHash": "sha256-nzv9XRgU9bgTuirvpvbFVmyJoG4ZIsRHmDx4myxAw4I=",
        "owner": "NixOS",
        "repo": "nixpkgs",
        "rev": "32e3ee5193cf45b988009a0fd34142c9e3e15367",
        "type": "github"
      },
      "original": {
        "owner": "NixOS",
        "ref": "master",
        "repo": "nixpkgs",
        "type": "github"
      }
    },
    "nixpkgs-legacy": {
      "locked": {
        "lastModified": 1639130158,
        "narHash": "sha256-/5a/7J3AE5ATzB3HdFZ9C9VlPbUK5bIGsRX7veSujXA=",
        "owner": "NixOS",
        "repo": "nixpkgs",
        "rev": "3b422991781220853035dbe353ba8b7cb279b6b3",
        "type": "github"
      },
      "original": {
        "owner": "NixOS",
        "ref": "nixos-21.05",
        "repo": "nixpkgs",
        "type": "github"
      }
    },
    "nixpkgs-unstable": {
      "locked": {
        "lastModified": 1639256808,
        "narHash": "sha256-RRKWi6grwe5lioKUyfZNQ4ojc5kjUTX55fPNzsGH2PY=",
        "owner": "NixOS",
        "repo": "nixpkgs",
        "rev": "e675946ecde5606c505540de2024e2732bae4185",
        "type": "github"
      },
      "original": {
        "owner": "NixOS",
        "ref": "nixos-unstable",
        "repo": "nixpkgs",
        "type": "github"
      }
    },
    "razer-nari": {
      "flake": false,
      "locked": {
        "lastModified": 1626284505,
        "narHash": "sha256-TlIkYfFYO8+slgGXnCwUBH6T4ybIPG/kTSc3LholqWc=",
        "owner": "imustafin",
        "repo": "razer-nari-pulseaudio-profile",
        "rev": "57dfd3d7e0974b4d6e912f25854145490b5292f7",
        "type": "github"
      },
      "original": {
        "owner": "imustafin",
        "repo": "razer-nari-pulseaudio-profile",
        "type": "github"
      }
    },
    "root": {
      "inputs": {
        "agenix": "agenix",
        "comma": "comma",
        "dotfiles": "dotfiles",
        "flake-compat": "flake-compat",
        "flake-utils": "flake-utils",
        "home-manager": "home-manager",
        "kubenix": "kubenix",
        "naersk": "naersk",
        "nixos-generators": "nixos-generators",
        "nixos-hardware": "nixos-hardware",
        "nixos-wsl": "nixos-wsl",
        "nixpkgs": "nixpkgs",
        "nixpkgs-bleeding-edge": "nixpkgs-bleeding-edge",
        "nixpkgs-legacy": "nixpkgs-legacy",
        "nixpkgs-unstable": "nixpkgs-unstable",
        "razer-nari": "razer-nari",
        "vscode-server": "vscode-server",
        "wsld": "wsld"
      }
    },
    "vscode-server": {
      "flake": false,
      "locked": {
        "lastModified": 1635606323,
        "narHash": "sha256-t782ucKRoatIQn8BJtJZVcmu+KFq21hX+nO/ZXLmWAE=",
        "owner": "msteen",
        "repo": "nixos-vscode-server",
        "rev": "bc28cc2a7d866b32a8358c6ad61bea68a618a3f5",
        "type": "github"
      },
      "original": {
        "owner": "msteen",
        "repo": "nixos-vscode-server",
        "type": "github"
      }
    },
    "wsld": {
      "flake": false,
      "locked": {
        "lastModified": 1633843688,
        "narHash": "sha256-4cOuWMm6We+HBgVg8QRS+0K60/zjFfmAj1S7RrwsgX0=",
        "owner": "nbdd0121",
        "repo": "wsld",
        "rev": "8eed80cf050c1b9cef76abda637782bc8cf92fe4",
        "type": "github"
      },
      "original": {
        "owner": "nbdd0121",
        "repo": "wsld",
        "type": "github"
      }
    }
  },
  "root": "root",
  "version": 7
}
